{
    "version": 3,
    "terraform_version": "0.9.0",
    "serial": 2,
    "lineage": "1b8ce6f0-e2dd-4598-bdb3-da247c186c04",
    "modules": [
        {
            "path": [
                "root"
            ],
            "outputs": {},
            "resources": {
                "aws_route53_record.alias": {
                    "type": "aws_route53_record",
                    "depends_on": [
                        "aws_route53_zone.aidex",
                        "aws_s3_bucket.aidex",
                        "aws_s3_bucket.aidex"
                    ],
                    "primary": {
                        "id": "Z2KMHVOJPSSS80_aidex.help_A",
                        "attributes": {
                            "alias.#": "1",
                            "alias.3804557109.evaluate_target_health": "true",
                            "alias.3804557109.name": "s3-website-us-east-1.amazonaws.com",
                            "alias.3804557109.zone_id": "Z3AQBSTGFYJSTF",
                            "fqdn": "aidex.help",
                            "health_check_id": "",
                            "id": "Z2KMHVOJPSSS80_aidex.help_A",
                            "name": "aidex.help",
                            "records.#": "0",
                            "set_identifier": "",
                            "ttl": "0",
                            "type": "A",
                            "zone_id": "Z2KMHVOJPSSS80"
                        },
                        "meta": {
                            "schema_version": "2"
                        },
                        "tainted": false
                    },
                    "deposed": [],
                    "provider": ""
                },
                "aws_route53_record.alias_api": {
                    "type": "aws_route53_record",
                    "depends_on": [
                        "aws_route53_zone.aidex"
                    ],
                    "primary": {
                        "id": "Z2KMHVOJPSSS80_api.aidex.help_A",
                        "attributes": {
                            "fqdn": "api.aidex.help",
                            "health_check_id": "",
                            "id": "Z2KMHVOJPSSS80_api.aidex.help_A",
                            "name": "api.aidex.help",
                            "records.#": "1",
                            "records.4258448741": "34.207.173.114",
                            "set_identifier": "",
                            "ttl": "300",
                            "type": "A",
                            "zone_id": "Z2KMHVOJPSSS80"
                        },
                        "meta": {
                            "schema_version": "2"
                        },
                        "tainted": false
                    },
                    "deposed": [],
                    "provider": ""
                },
                "aws_route53_record.alias_www": {
                    "type": "aws_route53_record",
                    "depends_on": [
                        "aws_route53_zone.aidex",
                        "aws_s3_bucket.aidex",
                        "aws_s3_bucket.aidex"
                    ],
                    "primary": {
                        "id": "Z2KMHVOJPSSS80_www.aidex.help_A",
                        "attributes": {
                            "alias.#": "1",
                            "alias.3804557109.evaluate_target_health": "true",
                            "alias.3804557109.name": "s3-website-us-east-1.amazonaws.com",
                            "alias.3804557109.zone_id": "Z3AQBSTGFYJSTF",
                            "fqdn": "www.aidex.help",
                            "health_check_id": "",
                            "id": "Z2KMHVOJPSSS80_www.aidex.help_A",
                            "name": "www.aidex.help",
                            "records.#": "0",
                            "set_identifier": "",
                            "ttl": "0",
                            "type": "A",
                            "zone_id": "Z2KMHVOJPSSS80"
                        },
                        "meta": {
                            "schema_version": "2"
                        },
                        "tainted": false
                    },
                    "deposed": [],
                    "provider": ""
                },
                "aws_route53_zone.aidex": {
                    "type": "aws_route53_zone",
                    "depends_on": [],
                    "primary": {
                        "id": "Z2KMHVOJPSSS80",
                        "attributes": {
                            "comment": "Managed by Terraform",
                            "force_destroy": "false",
                            "id": "Z2KMHVOJPSSS80",
                            "name": "aidex.help",
                            "name_servers.#": "4",
                            "name_servers.0": "ns-1249.awsdns-28.org",
                            "name_servers.1": "ns-1780.awsdns-30.co.uk",
                            "name_servers.2": "ns-431.awsdns-53.com",
                            "name_servers.3": "ns-687.awsdns-21.net",
                            "tags.%": "0",
                            "zone_id": "Z2KMHVOJPSSS80"
                        },
                        "meta": {},
                        "tainted": false
                    },
                    "deposed": [],
                    "provider": ""
                },
                "aws_s3_bucket.aidex": {
                    "type": "aws_s3_bucket",
                    "depends_on": [],
                    "primary": {
                        "id": "aidex.help",
                        "attributes": {
                            "acceleration_status": "",
                            "acl": "public-read",
                            "arn": "arn:aws:s3:::aidex.help",
                            "bucket": "aidex.help",
                            "bucket_domain_name": "aidex.help.s3.amazonaws.com",
                            "force_destroy": "false",
                            "hosted_zone_id": "Z3AQBSTGFYJSTF",
                            "id": "aidex.help",
                            "region": "us-east-1",
                            "request_payer": "BucketOwner",
                            "tags.%": "0",
                            "versioning.#": "1",
                            "versioning.0.enabled": "false",
                            "versioning.0.mfa_delete": "false",
                            "website.#": "1",
                            "website.0.error_document": "",
                            "website.0.index_document": "index.html",
                            "website.0.redirect_all_requests_to": "",
                            "website.0.routing_rules": "",
                            "website_domain": "s3-website-us-east-1.amazonaws.com",
                            "website_endpoint": "aidex.help.s3-website-us-east-1.amazonaws.com"
                        },
                        "meta": {},
                        "tainted": false
                    },
                    "deposed": [],
                    "provider": ""
                },
                "aws_s3_bucket.aidex-logs": {
                    "type": "aws_s3_bucket",
                    "depends_on": [],
                    "primary": {
                        "id": "aidex-api-logs",
                        "attributes": {
                            "acceleration_status": "",
                            "acl": "private",
                            "arn": "arn:aws:s3:::aidex-api-logs",
                            "bucket": "aidex-api-logs",
                            "bucket_domain_name": "aidex-api-logs.s3.amazonaws.com",
                            "force_destroy": "false",
                            "hosted_zone_id": "Z3AQBSTGFYJSTF",
                            "id": "aidex-api-logs",
                            "region": "us-east-1",
                            "request_payer": "BucketOwner",
                            "tags.%": "0",
                            "versioning.#": "1",
                            "versioning.0.enabled": "false",
                            "versioning.0.mfa_delete": "false",
                            "website.#": "0"
                        },
                        "meta": {},
                        "tainted": false
                    },
                    "deposed": [],
                    "provider": ""
                },
                "aws_s3_bucket.aidex_www": {
                    "type": "aws_s3_bucket",
                    "depends_on": [],
                    "primary": {
                        "id": "www.aidex.help",
                        "attributes": {
                            "acceleration_status": "",
                            "acl": "public-read",
                            "arn": "arn:aws:s3:::www.aidex.help",
                            "bucket": "www.aidex.help",
                            "bucket_domain_name": "www.aidex.help.s3.amazonaws.com",
                            "force_destroy": "false",
                            "hosted_zone_id": "Z3AQBSTGFYJSTF",
                            "id": "www.aidex.help",
                            "region": "us-east-1",
                            "request_payer": "BucketOwner",
                            "tags.%": "0",
                            "versioning.#": "1",
                            "versioning.0.enabled": "false",
                            "versioning.0.mfa_delete": "false",
                            "website.#": "1",
                            "website.0.error_document": "",
                            "website.0.index_document": "",
                            "website.0.redirect_all_requests_to": "aidex.help",
                            "website.0.routing_rules": "",
                            "website_domain": "s3-website-us-east-1.amazonaws.com",
                            "website_endpoint": "www.aidex.help.s3-website-us-east-1.amazonaws.com"
                        },
                        "meta": {},
                        "tainted": false
                    },
                    "deposed": [],
                    "provider": ""
                }
            },
            "depends_on": []
        }
    ]
}
